// !$*UTF8*$!
{
	archiveVersion = 1;
	classes = {
	};
	objectVersion = 46;
	objects = {

/* Begin PBXBuildFile section */
		041C76381E3DDAC40005EBB9 /* NSManagedObject+DictionaryFormat.m in Sources */ = {isa = PBXBuildFile; fileRef = 041C76371E3DDAC40005EBB9 /* NSManagedObject+DictionaryFormat.m */; };
		0447FBB31E1CE91E00FE1354 /* BarChart.m in Sources */ = {isa = PBXBuildFile; fileRef = 0447FB9D1E1CE91E00FE1354 /* BarChart.m */; };
		0447FBB41E1CE91E00FE1354 /* CircularChart.m in Sources */ = {isa = PBXBuildFile; fileRef = 0447FBA01E1CE91E00FE1354 /* CircularChart.m */; };
		0447FBB51E1CE91E00FE1354 /* DRScrollView.m in Sources */ = {isa = PBXBuildFile; fileRef = 0447FBA41E1CE91E00FE1354 /* DRScrollView.m */; };
		0447FBB61E1CE91E00FE1354 /* HorizontalStackBarChart.m in Sources */ = {isa = PBXBuildFile; fileRef = 0447FBA71E1CE91E00FE1354 /* HorizontalStackBarChart.m */; };
		0447FBB71E1CE91E00FE1354 /* LegendView.m in Sources */ = {isa = PBXBuildFile; fileRef = 0447FBAA1E1CE91E00FE1354 /* LegendView.m */; };
		0447FBB81E1CE91E00FE1354 /* LineGraphMarker.m in Sources */ = {isa = PBXBuildFile; fileRef = 0447FBAD1E1CE91E00FE1354 /* LineGraphMarker.m */; };
		0447FBB91E1CE91E00FE1354 /* MultiLineGraphView.m in Sources */ = {isa = PBXBuildFile; fileRef = 0447FBAF1E1CE91E00FE1354 /* MultiLineGraphView.m */; };
		0447FBBA1E1CE91E00FE1354 /* PieChart.m in Sources */ = {isa = PBXBuildFile; fileRef = 0447FBB21E1CE91E00FE1354 /* PieChart.m */; };
		42259A3DF2F86F6F531F5A67 /* libPods-SalaryCalculatorAPPUITests.a in Frameworks */ = {isa = PBXBuildFile; fileRef = DA8E11733F8AE86489174EA5 /* libPods-SalaryCalculatorAPPUITests.a */; };
		4E94AE7DD6061DE92B3C15E5 /* libPods-SalaryCalculatorAPPTests.a in Frameworks */ = {isa = PBXBuildFile; fileRef = 5638A1FDA999E5B7F99E7A0F /* libPods-SalaryCalculatorAPPTests.a */; };
		52172F5A1E0023C600940C2C /* SalaryViewController.m in Sources */ = {isa = PBXBuildFile; fileRef = 52172F591E0023C600940C2C /* SalaryViewController.m */; };
		52172F5D1E002C5900940C2C /* SalaryDetailsViewController.m in Sources */ = {isa = PBXBuildFile; fileRef = 52172F5C1E002C5900940C2C /* SalaryDetailsViewController.m */; };
		5227CD771E119D4400F770BE /* GraphViewController.m in Sources */ = {isa = PBXBuildFile; fileRef = 5227CD761E119D4400F770BE /* GraphViewController.m */; };
		5227CD791E11A1E000F770BE /* CoreGraphics.framework in Frameworks */ = {isa = PBXBuildFile; fileRef = 5227CD781E11A1E000F770BE /* CoreGraphics.framework */; };
		5227CD7B1E11A1EB00F770BE /* UIKit.framework in Frameworks */ = {isa = PBXBuildFile; fileRef = 5227CD7A1E11A1EB00F770BE /* UIKit.framework */; };
		5227CD7D1E11A1F500F770BE /* QuartzCore.framework in Frameworks */ = {isa = PBXBuildFile; fileRef = 5227CD7C1E11A1F500F770BE /* QuartzCore.framework */; };
		5227CD7F1E11A20500F770BE /* Foundation.framework in Frameworks */ = {isa = PBXBuildFile; fileRef = 5227CD7E1E11A20500F770BE /* Foundation.framework */; };
		522EC0D91E29011400DF2E8B /* IncomeCategoryViewController.m in Sources */ = {isa = PBXBuildFile; fileRef = 522EC0D81E29011400DF2E8B /* IncomeCategoryViewController.m */; };
		524D43D01E0860B1003C65A0 /* PersonalExpenseViewController.m in Sources */ = {isa = PBXBuildFile; fileRef = 524D43CF1E0860B1003C65A0 /* PersonalExpenseViewController.m */; };
		526D839C1E02DCDA002750F0 /* CoreFoundation.framework in Frameworks */ = {isa = PBXBuildFile; fileRef = 526D839B1E02DCDA002750F0 /* CoreFoundation.framework */; settings = {ATTRIBUTES = (Required, ); }; };
		527A6E801DFF259F00510FA3 /* main.m in Sources */ = {isa = PBXBuildFile; fileRef = 527A6E7F1DFF259F00510FA3 /* main.m */; };
		527A6E831DFF259F00510FA3 /* AppDelegate.m in Sources */ = {isa = PBXBuildFile; fileRef = 527A6E821DFF259F00510FA3 /* AppDelegate.m */; };
		527A6E891DFF25A000510FA3 /* Main.storyboard in Resources */ = {isa = PBXBuildFile; fileRef = 527A6E871DFF25A000510FA3 /* Main.storyboard */; };
		527A6E8C1DFF25A200510FA3 /* SalaryCalculatorAPP.xcdatamodeld in Sources */ = {isa = PBXBuildFile; fileRef = 527A6E8A1DFF25A100510FA3 /* SalaryCalculatorAPP.xcdatamodeld */; };
		527A6E8E1DFF25A200510FA3 /* Assets.xcassets in Resources */ = {isa = PBXBuildFile; fileRef = 527A6E8D1DFF25A200510FA3 /* Assets.xcassets */; };
		527A6E911DFF25A200510FA3 /* LaunchScreen.storyboard in Resources */ = {isa = PBXBuildFile; fileRef = 527A6E8F1DFF25A200510FA3 /* LaunchScreen.storyboard */; };
		527A6E9C1DFF25A300510FA3 /* SalaryCalculatorAPPTests.m in Sources */ = {isa = PBXBuildFile; fileRef = 527A6E9B1DFF25A300510FA3 /* SalaryCalculatorAPPTests.m */; };
		527A6EA71DFF25A300510FA3 /* SalaryCalculatorAPPUITests.m in Sources */ = {isa = PBXBuildFile; fileRef = 527A6EA61DFF25A300510FA3 /* SalaryCalculatorAPPUITests.m */; };
		527A6EFB1DFF415800510FA3 /* ExpensesViewController.m in Sources */ = {isa = PBXBuildFile; fileRef = 527A6EFA1DFF415800510FA3 /* ExpensesViewController.m */; };
		52A285B81E275195001122BA /* TransactionViewController.m in Sources */ = {isa = PBXBuildFile; fileRef = 52A285B71E275195001122BA /* TransactionViewController.m */; };
		52A285D31E279429001122BA /* TableViewCell.m in Sources */ = {isa = PBXBuildFile; fileRef = 52A285D21E279429001122BA /* TableViewCell.m */; };
		52A285D61E27B934001122BA /* CategoryViewController.m in Sources */ = {isa = PBXBuildFile; fileRef = 52A285D51E27B934001122BA /* CategoryViewController.m */; };
		DAC1D0291E3C9FF000BB44F2 /* 1.png in Resources */ = {isa = PBXBuildFile; fileRef = DAC1D0281E3C9FF000BB44F2 /* 1.png */; };
		DAC1D02B1E3C9FF600BB44F2 /* 2.png in Resources */ = {isa = PBXBuildFile; fileRef = DAC1D02A1E3C9FF600BB44F2 /* 2.png */; };
		DAC1D02D1E3C9FFD00BB44F2 /* 3.png in Resources */ = {isa = PBXBuildFile; fileRef = DAC1D02C1E3C9FFD00BB44F2 /* 3.png */; };
		DAC1D02F1E3CA1B700BB44F2 /* 4.png in Resources */ = {isa = PBXBuildFile; fileRef = DAC1D02E1E3CA1B700BB44F2 /* 4.png */; };
		DAC1D0311E3CA1D300BB44F2 /* 5.png in Resources */ = {isa = PBXBuildFile; fileRef = DAC1D0301E3CA1D300BB44F2 /* 5.png */; };
		DAC1D0331E3CA26500BB44F2 /* 6.png in Resources */ = {isa = PBXBuildFile; fileRef = DAC1D0321E3CA26500BB44F2 /* 6.png */; };
		DAC1D0351E3CA26E00BB44F2 /* 7.png in Resources */ = {isa = PBXBuildFile; fileRef = DAC1D0341E3CA26E00BB44F2 /* 7.png */; };
		DAC1D0371E3CA27E00BB44F2 /* 8.png in Resources */ = {isa = PBXBuildFile; fileRef = DAC1D0361E3CA27E00BB44F2 /* 8.png */; };
		DAC1D0391E3CA29100BB44F2 /* 9.png in Resources */ = {isa = PBXBuildFile; fileRef = DAC1D0381E3CA29100BB44F2 /* 9.png */; };
		DAC1D03B1E3CA37B00BB44F2 /* 10.png in Resources */ = {isa = PBXBuildFile; fileRef = DAC1D03A1E3CA37B00BB44F2 /* 10.png */; };
		DAC1D03D1E3CA37F00BB44F2 /* 11.png in Resources */ = {isa = PBXBuildFile; fileRef = DAC1D03C1E3CA37F00BB44F2 /* 11.png */; };
		DAC1D03F1E3CA43C00BB44F2 /* 12.png in Resources */ = {isa = PBXBuildFile; fileRef = DAC1D03E1E3CA43C00BB44F2 /* 12.png */; };
		DAC1D0411E3CA66400BB44F2 /* 13.png in Resources */ = {isa = PBXBuildFile; fileRef = DAC1D0401E3CA66400BB44F2 /* 13.png */; };
		DAC1D0431E3CA67500BB44F2 /* 14.png in Resources */ = {isa = PBXBuildFile; fileRef = DAC1D0421E3CA67500BB44F2 /* 14.png */; };
		DAC1D0451E3CA68700BB44F2 /* 15.png in Resources */ = {isa = PBXBuildFile; fileRef = DAC1D0441E3CA68700BB44F2 /* 15.png */; };
		DAC1D0471E3CA69300BB44F2 /* 16.png in Resources */ = {isa = PBXBuildFile; fileRef = DAC1D0461E3CA69300BB44F2 /* 16.png */; };
		DAC1D0491E3CA8A800BB44F2 /* 17.png in Resources */ = {isa = PBXBuildFile; fileRef = DAC1D0481E3CA8A800BB44F2 /* 17.png */; };
		DAC1D04B1E3CA8AE00BB44F2 /* 18.png in Resources */ = {isa = PBXBuildFile; fileRef = DAC1D04A1E3CA8AE00BB44F2 /* 18.png */; };
		DAC1D04D1E3CA8B400BB44F2 /* 19.png in Resources */ = {isa = PBXBuildFile; fileRef = DAC1D04C1E3CA8B400BB44F2 /* 19.png */; };
		DAC9C6DB1E3C767500D845F1 /* AboutViewController.m in Sources */ = {isa = PBXBuildFile; fileRef = DAC9C6DA1E3C767500D845F1 /* AboutViewController.m */; };
		DAC9C6DD1E3C77B200D845F1 /* Salary Calculator and Expenditures.html in Resources */ = {isa = PBXBuildFile; fileRef = DAC9C6DC1E3C77B200D845F1 /* Salary Calculator and Expenditures.html */; };
		DAD299CC1E360F630074B63D /* SettingsTableViewController.m in Sources */ = {isa = PBXBuildFile; fileRef = DAD299CB1E360F630074B63D /* SettingsTableViewController.m */; };
		DAD299D01E3626060074B63D /* PersonalTableviewCell.m in Sources */ = {isa = PBXBuildFile; fileRef = DAD299CF1E3626060074B63D /* PersonalTableviewCell.m */; };
		FE44D8E523D6922382778E87 /* libPods-SalaryCalculatorAPP.a in Frameworks */ = {isa = PBXBuildFile; fileRef = 782672C90CD1CDE0C269E9AC /* libPods-SalaryCalculatorAPP.a */; };
/* End PBXBuildFile section */

/* Begin PBXContainerItemProxy section */
		527A6E981DFF25A300510FA3 /* PBXContainerItemProxy */ = {
			isa = PBXContainerItemProxy;
			containerPortal = 527A6E731DFF259E00510FA3 /* Project object */;
			proxyType = 1;
			remoteGlobalIDString = 527A6E7A1DFF259E00510FA3;
			remoteInfo = SalaryCalculatorAPP;
		};
		527A6EA31DFF25A300510FA3 /* PBXContainerItemProxy */ = {
			isa = PBXContainerItemProxy;
			containerPortal = 527A6E731DFF259E00510FA3 /* Project object */;
			proxyType = 1;
			remoteGlobalIDString = 527A6E7A1DFF259E00510FA3;
			remoteInfo = SalaryCalculatorAPP;
		};
/* End PBXContainerItemProxy section */

/* Begin PBXFileReference section */
		041C76361E3DDAC40005EBB9 /* NSManagedObject+DictionaryFormat.h */ = {isa = PBXFileReference; fileEncoding = 4; lastKnownFileType = sourcecode.c.h; path = "NSManagedObject+DictionaryFormat.h"; sourceTree = "<group>"; };
		041C76371E3DDAC40005EBB9 /* NSManagedObject+DictionaryFormat.m */ = {isa = PBXFileReference; fileEncoding = 4; lastKnownFileType = sourcecode.c.objc; path = "NSManagedObject+DictionaryFormat.m"; sourceTree = "<group>"; };
		0447FB9C1E1CE91E00FE1354 /* BarChart.h */ = {isa = PBXFileReference; fileEncoding = 4; lastKnownFileType = sourcecode.c.h; path = BarChart.h; sourceTree = "<group>"; };
		0447FB9D1E1CE91E00FE1354 /* BarChart.m */ = {isa = PBXFileReference; fileEncoding = 4; lastKnownFileType = sourcecode.c.objc; path = BarChart.m; sourceTree = "<group>"; };
		0447FB9F1E1CE91E00FE1354 /* CircularChart.h */ = {isa = PBXFileReference; fileEncoding = 4; lastKnownFileType = sourcecode.c.h; path = CircularChart.h; sourceTree = "<group>"; };
		0447FBA01E1CE91E00FE1354 /* CircularChart.m */ = {isa = PBXFileReference; fileEncoding = 4; lastKnownFileType = sourcecode.c.objc; path = CircularChart.m; sourceTree = "<group>"; };
		0447FBA11E1CE91E00FE1354 /* Constants.h */ = {isa = PBXFileReference; fileEncoding = 4; lastKnownFileType = sourcecode.c.h; path = Constants.h; sourceTree = "<group>"; };
		0447FBA21E1CE91E00FE1354 /* DrGraphs.h */ = {isa = PBXFileReference; fileEncoding = 4; lastKnownFileType = sourcecode.c.h; path = DrGraphs.h; sourceTree = "<group>"; };
		0447FBA31E1CE91E00FE1354 /* DRScrollView.h */ = {isa = PBXFileReference; fileEncoding = 4; lastKnownFileType = sourcecode.c.h; path = DRScrollView.h; sourceTree = "<group>"; };
		0447FBA41E1CE91E00FE1354 /* DRScrollView.m */ = {isa = PBXFileReference; fileEncoding = 4; lastKnownFileType = sourcecode.c.objc; path = DRScrollView.m; sourceTree = "<group>"; };
		0447FBA61E1CE91E00FE1354 /* HorizontalStackBarChart.h */ = {isa = PBXFileReference; fileEncoding = 4; lastKnownFileType = sourcecode.c.h; path = HorizontalStackBarChart.h; sourceTree = "<group>"; };
		0447FBA71E1CE91E00FE1354 /* HorizontalStackBarChart.m */ = {isa = PBXFileReference; fileEncoding = 4; lastKnownFileType = sourcecode.c.objc; path = HorizontalStackBarChart.m; sourceTree = "<group>"; };
		0447FBA91E1CE91E00FE1354 /* LegendView.h */ = {isa = PBXFileReference; fileEncoding = 4; lastKnownFileType = sourcecode.c.h; path = LegendView.h; sourceTree = "<group>"; };
		0447FBAA1E1CE91E00FE1354 /* LegendView.m */ = {isa = PBXFileReference; fileEncoding = 4; lastKnownFileType = sourcecode.c.objc; path = LegendView.m; sourceTree = "<group>"; };
		0447FBAC1E1CE91E00FE1354 /* LineGraphMarker.h */ = {isa = PBXFileReference; fileEncoding = 4; lastKnownFileType = sourcecode.c.h; path = LineGraphMarker.h; sourceTree = "<group>"; };
		0447FBAD1E1CE91E00FE1354 /* LineGraphMarker.m */ = {isa = PBXFileReference; fileEncoding = 4; lastKnownFileType = sourcecode.c.objc; path = LineGraphMarker.m; sourceTree = "<group>"; };
		0447FBAE1E1CE91E00FE1354 /* MultiLineGraphView.h */ = {isa = PBXFileReference; fileEncoding = 4; lastKnownFileType = sourcecode.c.h; path = MultiLineGraphView.h; sourceTree = "<group>"; };
		0447FBAF1E1CE91E00FE1354 /* MultiLineGraphView.m */ = {isa = PBXFileReference; fileEncoding = 4; lastKnownFileType = sourcecode.c.objc; path = MultiLineGraphView.m; sourceTree = "<group>"; };
		0447FBB11E1CE91E00FE1354 /* PieChart.h */ = {isa = PBXFileReference; fileEncoding = 4; lastKnownFileType = sourcecode.c.h; path = PieChart.h; sourceTree = "<group>"; };
		0447FBB21E1CE91E00FE1354 /* PieChart.m */ = {isa = PBXFileReference; fileEncoding = 4; lastKnownFileType = sourcecode.c.objc; path = PieChart.m; sourceTree = "<group>"; };
		04E1A3681E2DFC8500C24D36 /* HelperFunctions.h */ = {isa = PBXFileReference; lastKnownFileType = sourcecode.c.h; path = HelperFunctions.h; sourceTree = "<group>"; };
		08A5991DA766525FCE6C8BEA /* Pods-SalaryCalculatorAPPUITests.release.xcconfig */ = {isa = PBXFileReference; includeInIndex = 1; lastKnownFileType = text.xcconfig; name = "Pods-SalaryCalculatorAPPUITests.release.xcconfig"; path = "Pods/Target Support Files/Pods-SalaryCalculatorAPPUITests/Pods-SalaryCalculatorAPPUITests.release.xcconfig"; sourceTree = "<group>"; };
		52018A7B1E3106A000AF9E48 /* Expense+CoreDataClass.h */ = {isa = PBXFileReference; fileEncoding = 4; lastKnownFileType = sourcecode.c.h; path = "Expense+CoreDataClass.h"; sourceTree = "<group>"; };
		52018A7C1E3106A000AF9E48 /* Expense+CoreDataClass.m */ = {isa = PBXFileReference; fileEncoding = 4; lastKnownFileType = sourcecode.c.objc; path = "Expense+CoreDataClass.m"; sourceTree = "<group>"; };
		52018A7D1E3106A000AF9E48 /* Expense+CoreDataProperties.h */ = {isa = PBXFileReference; fileEncoding = 4; lastKnownFileType = sourcecode.c.h; path = "Expense+CoreDataProperties.h"; sourceTree = "<group>"; };
		52018A7E1E3106A000AF9E48 /* Expense+CoreDataProperties.m */ = {isa = PBXFileReference; fileEncoding = 4; lastKnownFileType = sourcecode.c.objc; path = "Expense+CoreDataProperties.m"; sourceTree = "<group>"; };
		52172F581E0023C600940C2C /* SalaryViewController.h */ = {isa = PBXFileReference; fileEncoding = 4; lastKnownFileType = sourcecode.c.h; path = SalaryViewController.h; sourceTree = "<group>"; };
		52172F591E0023C600940C2C /* SalaryViewController.m */ = {isa = PBXFileReference; fileEncoding = 4; lastKnownFileType = sourcecode.c.objc; path = SalaryViewController.m; sourceTree = "<group>"; };
		52172F5B1E002C5900940C2C /* SalaryDetailsViewController.h */ = {isa = PBXFileReference; fileEncoding = 4; lastKnownFileType = sourcecode.c.h; path = SalaryDetailsViewController.h; sourceTree = "<group>"; };
		52172F5C1E002C5900940C2C /* SalaryDetailsViewController.m */ = {isa = PBXFileReference; fileEncoding = 4; lastKnownFileType = sourcecode.c.objc; path = SalaryDetailsViewController.m; sourceTree = "<group>"; };
		5227CD751E119D4400F770BE /* GraphViewController.h */ = {isa = PBXFileReference; fileEncoding = 4; lastKnownFileType = sourcecode.c.h; path = GraphViewController.h; sourceTree = "<group>"; };
		5227CD761E119D4400F770BE /* GraphViewController.m */ = {isa = PBXFileReference; fileEncoding = 4; lastKnownFileType = sourcecode.c.objc; path = GraphViewController.m; sourceTree = "<group>"; };
		5227CD781E11A1E000F770BE /* CoreGraphics.framework */ = {isa = PBXFileReference; lastKnownFileType = wrapper.framework; name = CoreGraphics.framework; path = System/Library/Frameworks/CoreGraphics.framework; sourceTree = SDKROOT; };
		5227CD7A1E11A1EB00F770BE /* UIKit.framework */ = {isa = PBXFileReference; lastKnownFileType = wrapper.framework; name = UIKit.framework; path = System/Library/Frameworks/UIKit.framework; sourceTree = SDKROOT; };
		5227CD7C1E11A1F500F770BE /* QuartzCore.framework */ = {isa = PBXFileReference; lastKnownFileType = wrapper.framework; name = QuartzCore.framework; path = System/Library/Frameworks/QuartzCore.framework; sourceTree = SDKROOT; };
		5227CD7E1E11A20500F770BE /* Foundation.framework */ = {isa = PBXFileReference; lastKnownFileType = wrapper.framework; name = Foundation.framework; path = System/Library/Frameworks/Foundation.framework; sourceTree = SDKROOT; };
		522EC0D71E29011400DF2E8B /* IncomeCategoryViewController.h */ = {isa = PBXFileReference; fileEncoding = 4; lastKnownFileType = sourcecode.c.h; path = IncomeCategoryViewController.h; sourceTree = "<group>"; };
		522EC0D81E29011400DF2E8B /* IncomeCategoryViewController.m */ = {isa = PBXFileReference; fileEncoding = 4; lastKnownFileType = sourcecode.c.objc; path = IncomeCategoryViewController.m; sourceTree = "<group>"; };
		524D43CE1E0860B0003C65A0 /* PersonalExpenseViewController.h */ = {isa = PBXFileReference; fileEncoding = 4; lastKnownFileType = sourcecode.c.h; path = PersonalExpenseViewController.h; sourceTree = "<group>"; };
		524D43CF1E0860B1003C65A0 /* PersonalExpenseViewController.m */ = {isa = PBXFileReference; fileEncoding = 4; lastKnownFileType = sourcecode.c.objc; path = PersonalExpenseViewController.m; sourceTree = "<group>"; };
		525851F51E02C8E4009EC243 /* CoreData.framework */ = {isa = PBXFileReference; lastKnownFileType = wrapper.framework; name = CoreData.framework; path = System/Library/Frameworks/CoreData.framework; sourceTree = SDKROOT; };
		526D839B1E02DCDA002750F0 /* CoreFoundation.framework */ = {isa = PBXFileReference; lastKnownFileType = wrapper.framework; name = CoreFoundation.framework; path = System/Library/Frameworks/CoreFoundation.framework; sourceTree = SDKROOT; };
		527A6E7B1DFF259E00510FA3 /* SalaryCalculatorAPP.app */ = {isa = PBXFileReference; explicitFileType = wrapper.application; includeInIndex = 0; path = SalaryCalculatorAPP.app; sourceTree = BUILT_PRODUCTS_DIR; };
		527A6E7F1DFF259F00510FA3 /* main.m */ = {isa = PBXFileReference; lastKnownFileType = sourcecode.c.objc; path = main.m; sourceTree = "<group>"; };
		527A6E811DFF259F00510FA3 /* AppDelegate.h */ = {isa = PBXFileReference; lastKnownFileType = sourcecode.c.h; path = AppDelegate.h; sourceTree = "<group>"; };
		527A6E821DFF259F00510FA3 /* AppDelegate.m */ = {isa = PBXFileReference; lastKnownFileType = sourcecode.c.objc; path = AppDelegate.m; sourceTree = "<group>"; };
		527A6E881DFF25A000510FA3 /* Base */ = {isa = PBXFileReference; lastKnownFileType = file.storyboard; name = Base; path = Base.lproj/Main.storyboard; sourceTree = "<group>"; };
		527A6E8B1DFF25A100510FA3 /* SalaryCalculatorAPP.xcdatamodel */ = {isa = PBXFileReference; lastKnownFileType = wrapper.xcdatamodel; path = SalaryCalculatorAPP.xcdatamodel; sourceTree = "<group>"; };
		527A6E8D1DFF25A200510FA3 /* Assets.xcassets */ = {isa = PBXFileReference; lastKnownFileType = folder.assetcatalog; path = Assets.xcassets; sourceTree = "<group>"; };
		527A6E901DFF25A200510FA3 /* Base */ = {isa = PBXFileReference; lastKnownFileType = file.storyboard; name = Base; path = Base.lproj/LaunchScreen.storyboard; sourceTree = "<group>"; };
		527A6E921DFF25A200510FA3 /* Info.plist */ = {isa = PBXFileReference; lastKnownFileType = text.plist.xml; path = Info.plist; sourceTree = "<group>"; };
		527A6E971DFF25A300510FA3 /* SalaryCalculatorAPPTests.xctest */ = {isa = PBXFileReference; explicitFileType = wrapper.cfbundle; includeInIndex = 0; path = SalaryCalculatorAPPTests.xctest; sourceTree = BUILT_PRODUCTS_DIR; };
		527A6E9B1DFF25A300510FA3 /* SalaryCalculatorAPPTests.m */ = {isa = PBXFileReference; lastKnownFileType = sourcecode.c.objc; path = SalaryCalculatorAPPTests.m; sourceTree = "<group>"; };
		527A6E9D1DFF25A300510FA3 /* Info.plist */ = {isa = PBXFileReference; lastKnownFileType = text.plist.xml; path = Info.plist; sourceTree = "<group>"; };
		527A6EA21DFF25A300510FA3 /* SalaryCalculatorAPPUITests.xctest */ = {isa = PBXFileReference; explicitFileType = wrapper.cfbundle; includeInIndex = 0; path = SalaryCalculatorAPPUITests.xctest; sourceTree = BUILT_PRODUCTS_DIR; };
		527A6EA61DFF25A300510FA3 /* SalaryCalculatorAPPUITests.m */ = {isa = PBXFileReference; lastKnownFileType = sourcecode.c.objc; path = SalaryCalculatorAPPUITests.m; sourceTree = "<group>"; };
		527A6EA81DFF25A300510FA3 /* Info.plist */ = {isa = PBXFileReference; lastKnownFileType = text.plist.xml; path = Info.plist; sourceTree = "<group>"; };
		527A6EF91DFF415800510FA3 /* ExpensesViewController.h */ = {isa = PBXFileReference; fileEncoding = 4; lastKnownFileType = sourcecode.c.h; path = ExpensesViewController.h; sourceTree = "<group>"; };
		527A6EFA1DFF415800510FA3 /* ExpensesViewController.m */ = {isa = PBXFileReference; fileEncoding = 4; lastKnownFileType = sourcecode.c.objc; path = ExpensesViewController.m; sourceTree = "<group>"; };
		52A285B61E275195001122BA /* TransactionViewController.h */ = {isa = PBXFileReference; fileEncoding = 4; lastKnownFileType = sourcecode.c.h; path = TransactionViewController.h; sourceTree = "<group>"; };
		52A285B71E275195001122BA /* TransactionViewController.m */ = {isa = PBXFileReference; fileEncoding = 4; lastKnownFileType = sourcecode.c.objc; path = TransactionViewController.m; sourceTree = "<group>"; };
		52A285D11E279429001122BA /* TableViewCell.h */ = {isa = PBXFileReference; fileEncoding = 4; lastKnownFileType = sourcecode.c.h; path = TableViewCell.h; sourceTree = "<group>"; };
		52A285D21E279429001122BA /* TableViewCell.m */ = {isa = PBXFileReference; fileEncoding = 4; lastKnownFileType = sourcecode.c.objc; path = TableViewCell.m; sourceTree = "<group>"; };
		52A285D41E27B934001122BA /* CategoryViewController.h */ = {isa = PBXFileReference; fileEncoding = 4; lastKnownFileType = sourcecode.c.h; path = CategoryViewController.h; sourceTree = "<group>"; };
		52A285D51E27B934001122BA /* CategoryViewController.m */ = {isa = PBXFileReference; fileEncoding = 4; lastKnownFileType = sourcecode.c.objc; path = CategoryViewController.m; sourceTree = "<group>"; };
		5638A1FDA999E5B7F99E7A0F /* libPods-SalaryCalculatorAPPTests.a */ = {isa = PBXFileReference; explicitFileType = archive.ar; includeInIndex = 0; path = "libPods-SalaryCalculatorAPPTests.a"; sourceTree = BUILT_PRODUCTS_DIR; };
		5B61BEEF66577E98452976B1 /* Pods-SalaryCalculatorAPPTests.release.xcconfig */ = {isa = PBXFileReference; includeInIndex = 1; lastKnownFileType = text.xcconfig; name = "Pods-SalaryCalculatorAPPTests.release.xcconfig"; path = "Pods/Target Support Files/Pods-SalaryCalculatorAPPTests/Pods-SalaryCalculatorAPPTests.release.xcconfig"; sourceTree = "<group>"; };
		782672C90CD1CDE0C269E9AC /* libPods-SalaryCalculatorAPP.a */ = {isa = PBXFileReference; explicitFileType = archive.ar; includeInIndex = 0; path = "libPods-SalaryCalculatorAPP.a"; sourceTree = BUILT_PRODUCTS_DIR; };
		AE865D7C062A273803DB17C1 /* Pods-SalaryCalculatorAPP.release.xcconfig */ = {isa = PBXFileReference; includeInIndex = 1; lastKnownFileType = text.xcconfig; name = "Pods-SalaryCalculatorAPP.release.xcconfig"; path = "Pods/Target Support Files/Pods-SalaryCalculatorAPP/Pods-SalaryCalculatorAPP.release.xcconfig"; sourceTree = "<group>"; };
		BA2991F40F1E0B9FB0C8F3F4 /* Pods-SalaryCalculatorAPPUITests.debug.xcconfig */ = {isa = PBXFileReference; includeInIndex = 1; lastKnownFileType = text.xcconfig; name = "Pods-SalaryCalculatorAPPUITests.debug.xcconfig"; path = "Pods/Target Support Files/Pods-SalaryCalculatorAPPUITests/Pods-SalaryCalculatorAPPUITests.debug.xcconfig"; sourceTree = "<group>"; };
		C27365028202CB8C0C796CB4 /* Pods-SalaryCalculatorAPPTests.debug.xcconfig */ = {isa = PBXFileReference; includeInIndex = 1; lastKnownFileType = text.xcconfig; name = "Pods-SalaryCalculatorAPPTests.debug.xcconfig"; path = "Pods/Target Support Files/Pods-SalaryCalculatorAPPTests/Pods-SalaryCalculatorAPPTests.debug.xcconfig"; sourceTree = "<group>"; };
		C8150F71149A8579350019FD /* Pods-SalaryCalculatorAPP.debug.xcconfig */ = {isa = PBXFileReference; includeInIndex = 1; lastKnownFileType = text.xcconfig; name = "Pods-SalaryCalculatorAPP.debug.xcconfig"; path = "Pods/Target Support Files/Pods-SalaryCalculatorAPP/Pods-SalaryCalculatorAPP.debug.xcconfig"; sourceTree = "<group>"; };
		DA8E11733F8AE86489174EA5 /* libPods-SalaryCalculatorAPPUITests.a */ = {isa = PBXFileReference; explicitFileType = archive.ar; includeInIndex = 0; path = "libPods-SalaryCalculatorAPPUITests.a"; sourceTree = BUILT_PRODUCTS_DIR; };
		DAC1D0281E3C9FF000BB44F2 /* 1.png */ = {isa = PBXFileReference; lastKnownFileType = image.png; path = 1.png; sourceTree = "<group>"; };
		DAC1D02A1E3C9FF600BB44F2 /* 2.png */ = {isa = PBXFileReference; lastKnownFileType = image.png; path = 2.png; sourceTree = "<group>"; };
		DAC1D02C1E3C9FFD00BB44F2 /* 3.png */ = {isa = PBXFileReference; lastKnownFileType = image.png; path = 3.png; sourceTree = "<group>"; };
		DAC1D02E1E3CA1B700BB44F2 /* 4.png */ = {isa = PBXFileReference; lastKnownFileType = image.png; path = 4.png; sourceTree = "<group>"; };
		DAC1D0301E3CA1D300BB44F2 /* 5.png */ = {isa = PBXFileReference; lastKnownFileType = image.png; path = 5.png; sourceTree = "<group>"; };
		DAC1D0321E3CA26500BB44F2 /* 6.png */ = {isa = PBXFileReference; lastKnownFileType = image.png; path = 6.png; sourceTree = "<group>"; };
		DAC1D0341E3CA26E00BB44F2 /* 7.png */ = {isa = PBXFileReference; lastKnownFileType = image.png; path = 7.png; sourceTree = "<group>"; };
		DAC1D0361E3CA27E00BB44F2 /* 8.png */ = {isa = PBXFileReference; lastKnownFileType = image.png; path = 8.png; sourceTree = "<group>"; };
		DAC1D0381E3CA29100BB44F2 /* 9.png */ = {isa = PBXFileReference; lastKnownFileType = image.png; path = 9.png; sourceTree = "<group>"; };
		DAC1D03A1E3CA37B00BB44F2 /* 10.png */ = {isa = PBXFileReference; lastKnownFileType = image.png; path = 10.png; sourceTree = "<group>"; };
		DAC1D03C1E3CA37F00BB44F2 /* 11.png */ = {isa = PBXFileReference; lastKnownFileType = image.png; path = 11.png; sourceTree = "<group>"; };
		DAC1D03E1E3CA43C00BB44F2 /* 12.png */ = {isa = PBXFileReference; lastKnownFileType = image.png; path = 12.png; sourceTree = "<group>"; };
		DAC1D0401E3CA66400BB44F2 /* 13.png */ = {isa = PBXFileReference; lastKnownFileType = image.png; path = 13.png; sourceTree = "<group>"; };
		DAC1D0421E3CA67500BB44F2 /* 14.png */ = {isa = PBXFileReference; lastKnownFileType = image.png; path = 14.png; sourceTree = "<group>"; };
		DAC1D0441E3CA68700BB44F2 /* 15.png */ = {isa = PBXFileReference; lastKnownFileType = image.png; path = 15.png; sourceTree = "<group>"; };
		DAC1D0461E3CA69300BB44F2 /* 16.png */ = {isa = PBXFileReference; lastKnownFileType = image.png; path = 16.png; sourceTree = "<group>"; };
		DAC1D0481E3CA8A800BB44F2 /* 17.png */ = {isa = PBXFileReference; lastKnownFileType = image.png; path = 17.png; sourceTree = "<group>"; };
		DAC1D04A1E3CA8AE00BB44F2 /* 18.png */ = {isa = PBXFileReference; lastKnownFileType = image.png; path = 18.png; sourceTree = "<group>"; };
		DAC1D04C1E3CA8B400BB44F2 /* 19.png */ = {isa = PBXFileReference; lastKnownFileType = image.png; path = 19.png; sourceTree = "<group>"; };
		DAC9C6D91E3C767500D845F1 /* AboutViewController.h */ = {isa = PBXFileReference; fileEncoding = 4; lastKnownFileType = sourcecode.c.h; path = AboutViewController.h; sourceTree = "<group>"; };
		DAC9C6DA1E3C767500D845F1 /* AboutViewController.m */ = {isa = PBXFileReference; fileEncoding = 4; lastKnownFileType = sourcecode.c.objc; path = AboutViewController.m; sourceTree = "<group>"; };
		DAC9C6DC1E3C77B200D845F1 /* Salary Calculator and Expenditures.html */ = {isa = PBXFileReference; fileEncoding = 4; lastKnownFileType = text.html; path = "Salary Calculator and Expenditures.html"; sourceTree = "<group>"; };
		DAD299CA1E360F630074B63D /* SettingsTableViewController.h */ = {isa = PBXFileReference; fileEncoding = 4; lastKnownFileType = sourcecode.c.h; name = SettingsTableViewController.h; path = SalaryCalculatorAPP/SettingsTableViewController.h; sourceTree = "<group>"; };
		DAD299CB1E360F630074B63D /* SettingsTableViewController.m */ = {isa = PBXFileReference; fileEncoding = 4; lastKnownFileType = sourcecode.c.objc; name = SettingsTableViewController.m; path = SalaryCalculatorAPP/SettingsTableViewController.m; sourceTree = "<group>"; };
		DAD299CE1E3626060074B63D /* PersonalTableviewCell.h */ = {isa = PBXFileReference; fileEncoding = 4; lastKnownFileType = sourcecode.c.h; path = PersonalTableviewCell.h; sourceTree = "<group>"; };
		DAD299CF1E3626060074B63D /* PersonalTableviewCell.m */ = {isa = PBXFileReference; fileEncoding = 4; lastKnownFileType = sourcecode.c.objc; path = PersonalTableviewCell.m; sourceTree = "<group>"; };
/* End PBXFileReference section */

/* Begin PBXFrameworksBuildPhase section */
		527A6E781DFF259E00510FA3 /* Frameworks */ = {
			isa = PBXFrameworksBuildPhase;
			buildActionMask = 2147483647;
			files = (
				5227CD7F1E11A20500F770BE /* Foundation.framework in Frameworks */,
				5227CD7D1E11A1F500F770BE /* QuartzCore.framework in Frameworks */,
				5227CD7B1E11A1EB00F770BE /* UIKit.framework in Frameworks */,
				5227CD791E11A1E000F770BE /* CoreGraphics.framework in Frameworks */,
				526D839C1E02DCDA002750F0 /* CoreFoundation.framework in Frameworks */,
				FE44D8E523D6922382778E87 /* libPods-SalaryCalculatorAPP.a in Frameworks */,
			);
			runOnlyForDeploymentPostprocessing = 0;
		};
		527A6E941DFF25A300510FA3 /* Frameworks */ = {
			isa = PBXFrameworksBuildPhase;
			buildActionMask = 2147483647;
			files = (
				4E94AE7DD6061DE92B3C15E5 /* libPods-SalaryCalculatorAPPTests.a in Frameworks */,
			);
			runOnlyForDeploymentPostprocessing = 0;
		};
		527A6E9F1DFF25A300510FA3 /* Frameworks */ = {
			isa = PBXFrameworksBuildPhase;
			buildActionMask = 2147483647;
			files = (
				42259A3DF2F86F6F531F5A67 /* libPods-SalaryCalculatorAPPUITests.a in Frameworks */,
			);
			runOnlyForDeploymentPostprocessing = 0;
		};
/* End PBXFrameworksBuildPhase section */

/* Begin PBXGroup section */
		0447FB9A1E1CE91E00FE1354 /* DR-Charts */ = {
			isa = PBXGroup;
			children = (
				0447FB9B1E1CE91E00FE1354 /* BarChart */,
				0447FB9E1E1CE91E00FE1354 /* CircularChart */,
				0447FBA11E1CE91E00FE1354 /* Constants.h */,
				0447FBA21E1CE91E00FE1354 /* DrGraphs.h */,
				0447FBA31E1CE91E00FE1354 /* DRScrollView.h */,
				0447FBA41E1CE91E00FE1354 /* DRScrollView.m */,
				0447FBA51E1CE91E00FE1354 /* HorizontalStackChart */,
				0447FBA81E1CE91E00FE1354 /* Legend */,
				0447FBAB1E1CE91E00FE1354 /* LineChart */,
				0447FBB01E1CE91E00FE1354 /* PieChart */,
			);
			path = "DR-Charts";
			sourceTree = "<group>";
		};
		0447FB9B1E1CE91E00FE1354 /* BarChart */ = {
			isa = PBXGroup;
			children = (
				0447FB9C1E1CE91E00FE1354 /* BarChart.h */,
				0447FB9D1E1CE91E00FE1354 /* BarChart.m */,
			);
			path = BarChart;
			sourceTree = "<group>";
		};
		0447FB9E1E1CE91E00FE1354 /* CircularChart */ = {
			isa = PBXGroup;
			children = (
				0447FB9F1E1CE91E00FE1354 /* CircularChart.h */,
				0447FBA01E1CE91E00FE1354 /* CircularChart.m */,
			);
			path = CircularChart;
			sourceTree = "<group>";
		};
		0447FBA51E1CE91E00FE1354 /* HorizontalStackChart */ = {
			isa = PBXGroup;
			children = (
				0447FBA61E1CE91E00FE1354 /* HorizontalStackBarChart.h */,
				0447FBA71E1CE91E00FE1354 /* HorizontalStackBarChart.m */,
			);
			path = HorizontalStackChart;
			sourceTree = "<group>";
		};
		0447FBA81E1CE91E00FE1354 /* Legend */ = {
			isa = PBXGroup;
			children = (
				0447FBA91E1CE91E00FE1354 /* LegendView.h */,
				0447FBAA1E1CE91E00FE1354 /* LegendView.m */,
			);
			path = Legend;
			sourceTree = "<group>";
		};
		0447FBAB1E1CE91E00FE1354 /* LineChart */ = {
			isa = PBXGroup;
			children = (
				0447FBAC1E1CE91E00FE1354 /* LineGraphMarker.h */,
				0447FBAD1E1CE91E00FE1354 /* LineGraphMarker.m */,
				0447FBAE1E1CE91E00FE1354 /* MultiLineGraphView.h */,
				0447FBAF1E1CE91E00FE1354 /* MultiLineGraphView.m */,
			);
			path = LineChart;
			sourceTree = "<group>";
		};
		0447FBB01E1CE91E00FE1354 /* PieChart */ = {
			isa = PBXGroup;
			children = (
				0447FBB11E1CE91E00FE1354 /* PieChart.h */,
				0447FBB21E1CE91E00FE1354 /* PieChart.m */,
			);
			path = PieChart;
			sourceTree = "<group>";
		};
		5227CDE31E11B5B900F770BE /* Salary ViewControllers */ = {
			isa = PBXGroup;
			children = (
				52172F581E0023C600940C2C /* SalaryViewController.h */,
				52172F591E0023C600940C2C /* SalaryViewController.m */,
				52172F5B1E002C5900940C2C /* SalaryDetailsViewController.h */,
				52172F5C1E002C5900940C2C /* SalaryDetailsViewController.m */,
			);
			name = "Salary ViewControllers";
			sourceTree = "<group>";
		};
		5227CDE41E11B5F100F770BE /* Expenses */ = {
			isa = PBXGroup;
			children = (
				524D43CE1E0860B0003C65A0 /* PersonalExpenseViewController.h */,
				524D43CF1E0860B1003C65A0 /* PersonalExpenseViewController.m */,
				DAD299CE1E3626060074B63D /* PersonalTableviewCell.h */,
				DAD299CF1E3626060074B63D /* PersonalTableviewCell.m */,
				527A6EF91DFF415800510FA3 /* ExpensesViewController.h */,
				527A6EFA1DFF415800510FA3 /* ExpensesViewController.m */,
				52A285D41E27B934001122BA /* CategoryViewController.h */,
				52A285D51E27B934001122BA /* CategoryViewController.m */,
				522EC0D71E29011400DF2E8B /* IncomeCategoryViewController.h */,
				522EC0D81E29011400DF2E8B /* IncomeCategoryViewController.m */,
				5227CD751E119D4400F770BE /* GraphViewController.h */,
				5227CD761E119D4400F770BE /* GraphViewController.m */,
				52A285B61E275195001122BA /* TransactionViewController.h */,
				52A285B71E275195001122BA /* TransactionViewController.m */,
				52A285D11E279429001122BA /* TableViewCell.h */,
				52A285D21E279429001122BA /* TableViewCell.m */,
			);
			name = Expenses;
			sourceTree = "<group>";
		};
		525851F31E02BF0D009EC243 /* CoreData */ = {
			isa = PBXGroup;
			children = (
				52018A7B1E3106A000AF9E48 /* Expense+CoreDataClass.h */,
				52018A7C1E3106A000AF9E48 /* Expense+CoreDataClass.m */,
				52018A7D1E3106A000AF9E48 /* Expense+CoreDataProperties.h */,
				52018A7E1E3106A000AF9E48 /* Expense+CoreDataProperties.m */,
				041C76361E3DDAC40005EBB9 /* NSManagedObject+DictionaryFormat.h */,
				041C76371E3DDAC40005EBB9 /* NSManagedObject+DictionaryFormat.m */,
			);
			name = CoreData;
			path = SalaryCalculatorAPP;
			sourceTree = "<group>";
		};
		525851F41E02C8E4009EC243 /* Frameworks */ = {
			isa = PBXGroup;
			children = (
				5227CD7E1E11A20500F770BE /* Foundation.framework */,
				5227CD7C1E11A1F500F770BE /* QuartzCore.framework */,
				5227CD7A1E11A1EB00F770BE /* UIKit.framework */,
				5227CD781E11A1E000F770BE /* CoreGraphics.framework */,
				526D839B1E02DCDA002750F0 /* CoreFoundation.framework */,
				525851F51E02C8E4009EC243 /* CoreData.framework */,
				782672C90CD1CDE0C269E9AC /* libPods-SalaryCalculatorAPP.a */,
				5638A1FDA999E5B7F99E7A0F /* libPods-SalaryCalculatorAPPTests.a */,
				DA8E11733F8AE86489174EA5 /* libPods-SalaryCalculatorAPPUITests.a */,
			);
			name = Frameworks;
			sourceTree = "<group>";
		};
		527A6E721DFF259E00510FA3 = {
			isa = PBXGroup;
			children = (
				0447FB9A1E1CE91E00FE1354 /* DR-Charts */,
				525851F31E02BF0D009EC243 /* CoreData */,
				527A6E7D1DFF259E00510FA3 /* SalaryCalculatorAPP */,
				527A6E9A1DFF25A300510FA3 /* SalaryCalculatorAPPTests */,
				527A6EA51DFF25A300510FA3 /* SalaryCalculatorAPPUITests */,
				527A6E7C1DFF259E00510FA3 /* Products */,
				525851F41E02C8E4009EC243 /* Frameworks */,
				8BB32DB7033C8CFA40685B3C /* Pods */,
			);
			sourceTree = "<group>";
		};
		527A6E7C1DFF259E00510FA3 /* Products */ = {
			isa = PBXGroup;
			children = (
				527A6E7B1DFF259E00510FA3 /* SalaryCalculatorAPP.app */,
				527A6E971DFF25A300510FA3 /* SalaryCalculatorAPPTests.xctest */,
				527A6EA21DFF25A300510FA3 /* SalaryCalculatorAPPUITests.xctest */,
			);
			name = Products;
			sourceTree = "<group>";
		};
		527A6E7D1DFF259E00510FA3 /* SalaryCalculatorAPP */ = {
			isa = PBXGroup;
			children = (
				04E1A3681E2DFC8500C24D36 /* HelperFunctions.h */,
				527A6E811DFF259F00510FA3 /* AppDelegate.h */,
				527A6E821DFF259F00510FA3 /* AppDelegate.m */,
				5227CDE31E11B5B900F770BE /* Salary ViewControllers */,
				5227CDE41E11B5F100F770BE /* Expenses */,
				DAD299CD1E360F720074B63D /* Settings */,
				527A6E871DFF25A000510FA3 /* Main.storyboard */,
				527A6E8D1DFF25A200510FA3 /* Assets.xcassets */,
				527A6E8F1DFF25A200510FA3 /* LaunchScreen.storyboard */,
				527A6E921DFF25A200510FA3 /* Info.plist */,
				527A6E8A1DFF25A100510FA3 /* SalaryCalculatorAPP.xcdatamodeld */,
				527A6E7E1DFF259F00510FA3 /* Supporting Files */,
			);
			path = SalaryCalculatorAPP;
			sourceTree = "<group>";
		};
		527A6E7E1DFF259F00510FA3 /* Supporting Files */ = {
			isa = PBXGroup;
			children = (
				527A6E7F1DFF259F00510FA3 /* main.m */,
			);
			name = "Supporting Files";
			sourceTree = "<group>";
		};
		527A6E9A1DFF25A300510FA3 /* SalaryCalculatorAPPTests */ = {
			isa = PBXGroup;
			children = (
				527A6E9B1DFF25A300510FA3 /* SalaryCalculatorAPPTests.m */,
				527A6E9D1DFF25A300510FA3 /* Info.plist */,
			);
			path = SalaryCalculatorAPPTests;
			sourceTree = "<group>";
		};
		527A6EA51DFF25A300510FA3 /* SalaryCalculatorAPPUITests */ = {
			isa = PBXGroup;
			children = (
				527A6EA61DFF25A300510FA3 /* SalaryCalculatorAPPUITests.m */,
				527A6EA81DFF25A300510FA3 /* Info.plist */,
			);
			path = SalaryCalculatorAPPUITests;
			sourceTree = "<group>";
		};
		8BB32DB7033C8CFA40685B3C /* Pods */ = {
			isa = PBXGroup;
			children = (
				C8150F71149A8579350019FD /* Pods-SalaryCalculatorAPP.debug.xcconfig */,
				AE865D7C062A273803DB17C1 /* Pods-SalaryCalculatorAPP.release.xcconfig */,
				C27365028202CB8C0C796CB4 /* Pods-SalaryCalculatorAPPTests.debug.xcconfig */,
				5B61BEEF66577E98452976B1 /* Pods-SalaryCalculatorAPPTests.release.xcconfig */,
				BA2991F40F1E0B9FB0C8F3F4 /* Pods-SalaryCalculatorAPPUITests.debug.xcconfig */,
				08A5991DA766525FCE6C8BEA /* Pods-SalaryCalculatorAPPUITests.release.xcconfig */,
			);
			name = Pods;
			sourceTree = "<group>";
		};
		DAC1D0211E3C9C8600BB44F2 /* Images */ = {
			isa = PBXGroup;
			children = (
				DAC1D0281E3C9FF000BB44F2 /* 1.png */,
				DAC1D02A1E3C9FF600BB44F2 /* 2.png */,
				DAC1D02C1E3C9FFD00BB44F2 /* 3.png */,
				DAC1D02E1E3CA1B700BB44F2 /* 4.png */,
				DAC1D0301E3CA1D300BB44F2 /* 5.png */,
				DAC1D0321E3CA26500BB44F2 /* 6.png */,
				DAC1D0341E3CA26E00BB44F2 /* 7.png */,
				DAC1D0361E3CA27E00BB44F2 /* 8.png */,
				DAC1D0381E3CA29100BB44F2 /* 9.png */,
				DAC1D03A1E3CA37B00BB44F2 /* 10.png */,
				DAC1D03C1E3CA37F00BB44F2 /* 11.png */,
				DAC1D03E1E3CA43C00BB44F2 /* 12.png */,
				DAC1D0401E3CA66400BB44F2 /* 13.png */,
				DAC1D0421E3CA67500BB44F2 /* 14.png */,
				DAC1D0441E3CA68700BB44F2 /* 15.png */,
				DAC1D0461E3CA69300BB44F2 /* 16.png */,
				DAC1D0481E3CA8A800BB44F2 /* 17.png */,
				DAC1D04A1E3CA8AE00BB44F2 /* 18.png */,
				DAC1D04C1E3CA8B400BB44F2 /* 19.png */,
			);
			name = Images;
			sourceTree = "<group>";
		};
		DAD299CD1E360F720074B63D /* Settings */ = {
			isa = PBXGroup;
			children = (
				DAD299CA1E360F630074B63D /* SettingsTableViewController.h */,
				DAD299CB1E360F630074B63D /* SettingsTableViewController.m */,
				DAC9C6D91E3C767500D845F1 /* AboutViewController.h */,
				DAC9C6DA1E3C767500D845F1 /* AboutViewController.m */,
				DAC9C6DC1E3C77B200D845F1 /* Salary Calculator and Expenditures.html */,
				DAC1D0211E3C9C8600BB44F2 /* Images */,
			);
			name = Settings;
			path = ..;
			sourceTree = "<group>";
		};
/* End PBXGroup section */

/* Begin PBXNativeTarget section */
		527A6E7A1DFF259E00510FA3 /* SalaryCalculatorAPP */ = {
			isa = PBXNativeTarget;
			buildConfigurationList = 527A6EAB1DFF25A300510FA3 /* Build configuration list for PBXNativeTarget "SalaryCalculatorAPP" */;
			buildPhases = (
				1A0F98CA7B1E444D8A2DF9B1 /* [CP] Check Pods Manifest.lock */,
				527A6E771DFF259E00510FA3 /* Sources */,
				527A6E781DFF259E00510FA3 /* Frameworks */,
				527A6E791DFF259E00510FA3 /* Resources */,
				E8681F07F4883C35BC51BA6E /* [CP] Embed Pods Frameworks */,
				4EAC8BDB14A3D863B2C23D3C /* [CP] Copy Pods Resources */,
			);
			buildRules = (
			);
			dependencies = (
			);
			name = SalaryCalculatorAPP;
			productName = SalaryCalculatorAPP;
			productReference = 527A6E7B1DFF259E00510FA3 /* SalaryCalculatorAPP.app */;
			productType = "com.apple.product-type.application";
		};
		527A6E961DFF25A300510FA3 /* SalaryCalculatorAPPTests */ = {
			isa = PBXNativeTarget;
			buildConfigurationList = 527A6EAE1DFF25A300510FA3 /* Build configuration list for PBXNativeTarget "SalaryCalculatorAPPTests" */;
			buildPhases = (
				CF31D48D9006BE70EE2B77D3 /* [CP] Check Pods Manifest.lock */,
				527A6E931DFF25A300510FA3 /* Sources */,
				527A6E941DFF25A300510FA3 /* Frameworks */,
				527A6E951DFF25A300510FA3 /* Resources */,
				5A5403C7D41DDDEE5820E7D1 /* [CP] Embed Pods Frameworks */,
				58DC652F18837A5A7DD15D26 /* [CP] Copy Pods Resources */,
			);
			buildRules = (
			);
			dependencies = (
				527A6E991DFF25A300510FA3 /* PBXTargetDependency */,
			);
			name = SalaryCalculatorAPPTests;
			productName = SalaryCalculatorAPPTests;
			productReference = 527A6E971DFF25A300510FA3 /* SalaryCalculatorAPPTests.xctest */;
			productType = "com.apple.product-type.bundle.unit-test";
		};
		527A6EA11DFF25A300510FA3 /* SalaryCalculatorAPPUITests */ = {
			isa = PBXNativeTarget;
			buildConfigurationList = 527A6EB11DFF25A300510FA3 /* Build configuration list for PBXNativeTarget "SalaryCalculatorAPPUITests" */;
			buildPhases = (
				7AE86271751E60D333C33D6C /* [CP] Check Pods Manifest.lock */,
				527A6E9E1DFF25A300510FA3 /* Sources */,
				527A6E9F1DFF25A300510FA3 /* Frameworks */,
				527A6EA01DFF25A300510FA3 /* Resources */,
				2AA88CAA04A116F1C90573FE /* [CP] Embed Pods Frameworks */,
				C2D344396B9C4193C7A387F6 /* [CP] Copy Pods Resources */,
			);
			buildRules = (
			);
			dependencies = (
				527A6EA41DFF25A300510FA3 /* PBXTargetDependency */,
			);
			name = SalaryCalculatorAPPUITests;
			productName = SalaryCalculatorAPPUITests;
			productReference = 527A6EA21DFF25A300510FA3 /* SalaryCalculatorAPPUITests.xctest */;
			productType = "com.apple.product-type.bundle.ui-testing";
		};
/* End PBXNativeTarget section */

/* Begin PBXProject section */
		527A6E731DFF259E00510FA3 /* Project object */ = {
			isa = PBXProject;
			attributes = {
				LastUpgradeCheck = 0820;
				ORGANIZATIONNAME = chaitanya;
				TargetAttributes = {
					527A6E7A1DFF259E00510FA3 = {
						CreatedOnToolsVersion = 8.1;
						DevelopmentTeam = 4WXHX2LK83;
						ProvisioningStyle = Automatic;
					};
					527A6E961DFF25A300510FA3 = {
						CreatedOnToolsVersion = 8.1;
						ProvisioningStyle = Automatic;
						TestTargetID = 527A6E7A1DFF259E00510FA3;
					};
					527A6EA11DFF25A300510FA3 = {
						CreatedOnToolsVersion = 8.1;
						ProvisioningStyle = Automatic;
						TestTargetID = 527A6E7A1DFF259E00510FA3;
					};
				};
			};
			buildConfigurationList = 527A6E761DFF259E00510FA3 /* Build configuration list for PBXProject "SalaryCalculatorAPP" */;
			compatibilityVersion = "Xcode 3.2";
			developmentRegion = English;
			hasScannedForEncodings = 0;
			knownRegions = (
				en,
				Base,
			);
			mainGroup = 527A6E721DFF259E00510FA3;
			productRefGroup = 527A6E7C1DFF259E00510FA3 /* Products */;
			projectDirPath = "";
			projectRoot = "";
			targets = (
				527A6E7A1DFF259E00510FA3 /* SalaryCalculatorAPP */,
				527A6E961DFF25A300510FA3 /* SalaryCalculatorAPPTests */,
				527A6EA11DFF25A300510FA3 /* SalaryCalculatorAPPUITests */,
			);
		};
/* End PBXProject section */

/* Begin PBXResourcesBuildPhase section */
		527A6E791DFF259E00510FA3 /* Resources */ = {
			isa = PBXResourcesBuildPhase;
			buildActionMask = 2147483647;
			files = (
				DAC1D0391E3CA29100BB44F2 /* 9.png in Resources */,
				DAC1D0431E3CA67500BB44F2 /* 14.png in Resources */,
				DAC1D0311E3CA1D300BB44F2 /* 5.png in Resources */,
				DAC1D02D1E3C9FFD00BB44F2 /* 3.png in Resources */,
				DAC1D0411E3CA66400BB44F2 /* 13.png in Resources */,
				DAC1D03B1E3CA37B00BB44F2 /* 10.png in Resources */,
				DAC1D0331E3CA26500BB44F2 /* 6.png in Resources */,
				DAC1D0291E3C9FF000BB44F2 /* 1.png in Resources */,
				DAC1D02F1E3CA1B700BB44F2 /* 4.png in Resources */,
				DAC1D04D1E3CA8B400BB44F2 /* 19.png in Resources */,
				527A6E911DFF25A200510FA3 /* LaunchScreen.storyboard in Resources */,
				DAC1D0471E3CA69300BB44F2 /* 16.png in Resources */,
				DAC1D04B1E3CA8AE00BB44F2 /* 18.png in Resources */,
				DAC1D0451E3CA68700BB44F2 /* 15.png in Resources */,
				DAC1D0371E3CA27E00BB44F2 /* 8.png in Resources */,
				DAC1D03D1E3CA37F00BB44F2 /* 11.png in Resources */,
				527A6E8E1DFF25A200510FA3 /* Assets.xcassets in Resources */,
				DAC1D03F1E3CA43C00BB44F2 /* 12.png in Resources */,
				DAC1D0491E3CA8A800BB44F2 /* 17.png in Resources */,
				DAC9C6DD1E3C77B200D845F1 /* Salary Calculator and Expenditures.html in Resources */,
				DAC1D02B1E3C9FF600BB44F2 /* 2.png in Resources */,
				527A6E891DFF25A000510FA3 /* Main.storyboard in Resources */,
				DAC1D0351E3CA26E00BB44F2 /* 7.png in Resources */,
			);
			runOnlyForDeploymentPostprocessing = 0;
		};
		527A6E951DFF25A300510FA3 /* Resources */ = {
			isa = PBXResourcesBuildPhase;
			buildActionMask = 2147483647;
			files = (
			);
			runOnlyForDeploymentPostprocessing = 0;
		};
		527A6EA01DFF25A300510FA3 /* Resources */ = {
			isa = PBXResourcesBuildPhase;
			buildActionMask = 2147483647;
			files = (
			);
			runOnlyForDeploymentPostprocessing = 0;
		};
/* End PBXResourcesBuildPhase section */

/* Begin PBXShellScriptBuildPhase section */
		1A0F98CA7B1E444D8A2DF9B1 /* [CP] Check Pods Manifest.lock */ = {
			isa = PBXShellScriptBuildPhase;
			buildActionMask = 2147483647;
			files = (
			);
			inputPaths = (
			);
			name = "[CP] Check Pods Manifest.lock";
			outputPaths = (
			);
			runOnlyForDeploymentPostprocessing = 0;
			shellPath = /bin/sh;
			shellScript = "diff \"${PODS_ROOT}/../Podfile.lock\" \"${PODS_ROOT}/Manifest.lock\" > /dev/null\nif [ $? != 0 ] ; then\n    # print error to STDERR\n    echo \"error: The sandbox is not in sync with the Podfile.lock. Run 'pod install' or update your CocoaPods installation.\" >&2\n    exit 1\nfi\n";
			showEnvVarsInLog = 0;
		};
		2AA88CAA04A116F1C90573FE /* [CP] Embed Pods Frameworks */ = {
			isa = PBXShellScriptBuildPhase;
			buildActionMask = 2147483647;
			files = (
			);
			inputPaths = (
			);
			name = "[CP] Embed Pods Frameworks";
			outputPaths = (
			);
			runOnlyForDeploymentPostprocessing = 0;
			shellPath = /bin/sh;
			shellScript = "\"${SRCROOT}/Pods/Target Support Files/Pods-SalaryCalculatorAPPUITests/Pods-SalaryCalculatorAPPUITests-frameworks.sh\"\n";
			showEnvVarsInLog = 0;
		};
		4EAC8BDB14A3D863B2C23D3C /* [CP] Copy Pods Resources */ = {
			isa = PBXShellScriptBuildPhase;
			buildActionMask = 2147483647;
			files = (
			);
			inputPaths = (
			);
			name = "[CP] Copy Pods Resources";
			outputPaths = (
			);
			runOnlyForDeploymentPostprocessing = 0;
			shellPath = /bin/sh;
			shellScript = "\"${SRCROOT}/Pods/Target Support Files/Pods-SalaryCalculatorAPP/Pods-SalaryCalculatorAPP-resources.sh\"\n";
			showEnvVarsInLog = 0;
		};
		58DC652F18837A5A7DD15D26 /* [CP] Copy Pods Resources */ = {
			isa = PBXShellScriptBuildPhase;
			buildActionMask = 2147483647;
			files = (
			);
			inputPaths = (
			);
			name = "[CP] Copy Pods Resources";
			outputPaths = (
			);
			runOnlyForDeploymentPostprocessing = 0;
			shellPath = /bin/sh;
			shellScript = "\"${SRCROOT}/Pods/Target Support Files/Pods-SalaryCalculatorAPPTests/Pods-SalaryCalculatorAPPTests-resources.sh\"\n";
			showEnvVarsInLog = 0;
		};
		5A5403C7D41DDDEE5820E7D1 /* [CP] Embed Pods Frameworks */ = {
			isa = PBXShellScriptBuildPhase;
			buildActionMask = 2147483647;
			files = (
			);
			inputPaths = (
			);
			name = "[CP] Embed Pods Frameworks";
			outputPaths = (
			);
			runOnlyForDeploymentPostprocessing = 0;
			shellPath = /bin/sh;
			shellScript = "\"${SRCROOT}/Pods/Target Support Files/Pods-SalaryCalculatorAPPTests/Pods-SalaryCalculatorAPPTests-frameworks.sh\"\n";
			showEnvVarsInLog = 0;
		};
		7AE86271751E60D333C33D6C /* [CP] Check Pods Manifest.lock */ = {
			isa = PBXShellScriptBuildPhase;
			buildActionMask = 2147483647;
			files = (
			);
			inputPaths = (
			);
			name = "[CP] Check Pods Manifest.lock";
			outputPaths = (
			);
			runOnlyForDeploymentPostprocessing = 0;
			shellPath = /bin/sh;
			shellScript = "diff \"${PODS_ROOT}/../Podfile.lock\" \"${PODS_ROOT}/Manifest.lock\" > /dev/null\nif [ $? != 0 ] ; then\n    # print error to STDERR\n    echo \"error: The sandbox is not in sync with the Podfile.lock. Run 'pod install' or update your CocoaPods installation.\" >&2\n    exit 1\nfi\n";
			showEnvVarsInLog = 0;
		};
		C2D344396B9C4193C7A387F6 /* [CP] Copy Pods Resources */ = {
			isa = PBXShellScriptBuildPhase;
			buildActionMask = 2147483647;
			files = (
			);
			inputPaths = (
			);
			name = "[CP] Copy Pods Resources";
			outputPaths = (
			);
			runOnlyForDeploymentPostprocessing = 0;
			shellPath = /bin/sh;
			shellScript = "\"${SRCROOT}/Pods/Target Support Files/Pods-SalaryCalculatorAPPUITests/Pods-SalaryCalculatorAPPUITests-resources.sh\"\n";
			showEnvVarsInLog = 0;
		};
		CF31D48D9006BE70EE2B77D3 /* [CP] Check Pods Manifest.lock */ = {
			isa = PBXShellScriptBuildPhase;
			buildActionMask = 2147483647;
			files = (
			);
			inputPaths = (
			);
			name = "[CP] Check Pods Manifest.lock";
			outputPaths = (
			);
			runOnlyForDeploymentPostprocessing = 0;
			shellPath = /bin/sh;
			shellScript = "diff \"${PODS_ROOT}/../Podfile.lock\" \"${PODS_ROOT}/Manifest.lock\" > /dev/null\nif [ $? != 0 ] ; then\n    # print error to STDERR\n    echo \"error: The sandbox is not in sync with the Podfile.lock. Run 'pod install' or update your CocoaPods installation.\" >&2\n    exit 1\nfi\n";
			showEnvVarsInLog = 0;
		};
		E8681F07F4883C35BC51BA6E /* [CP] Embed Pods Frameworks */ = {
			isa = PBXShellScriptBuildPhase;
			buildActionMask = 2147483647;
			files = (
			);
			inputPaths = (
			);
			name = "[CP] Embed Pods Frameworks";
			outputPaths = (
			);
			runOnlyForDeploymentPostprocessing = 0;
			shellPath = /bin/sh;
			shellScript = "\"${SRCROOT}/Pods/Target Support Files/Pods-SalaryCalculatorAPP/Pods-SalaryCalculatorAPP-frameworks.sh\"\n";
			showEnvVarsInLog = 0;
		};
/* End PBXShellScriptBuildPhase section */

/* Begin PBXSourcesBuildPhase section */
		527A6E771DFF259E00510FA3 /* Sources */ = {
			isa = PBXSourcesBuildPhase;
			buildActionMask = 2147483647;
			files = (
				0447FBB51E1CE91E00FE1354 /* DRScrollView.m in Sources */,
				0447FBBA1E1CE91E00FE1354 /* PieChart.m in Sources */,
				52172F5D1E002C5900940C2C /* SalaryDetailsViewController.m in Sources */,
				0447FBB91E1CE91E00FE1354 /* MultiLineGraphView.m in Sources */,
				0447FBB61E1CE91E00FE1354 /* HorizontalStackBarChart.m in Sources */,
				527A6E831DFF259F00510FA3 /* AppDelegate.m in Sources */,
				527A6E8C1DFF25A200510FA3 /* SalaryCalculatorAPP.xcdatamodeld in Sources */,
				0447FBB81E1CE91E00FE1354 /* LineGraphMarker.m in Sources */,
				52172F5A1E0023C600940C2C /* SalaryViewController.m in Sources */,
				52A285B81E275195001122BA /* TransactionViewController.m in Sources */,
				524D43D01E0860B1003C65A0 /* PersonalExpenseViewController.m in Sources */,
				52A285D61E27B934001122BA /* CategoryViewController.m in Sources */,
				522EC0D91E29011400DF2E8B /* IncomeCategoryViewController.m in Sources */,
				0447FBB31E1CE91E00FE1354 /* BarChart.m in Sources */,
				5227CD771E119D4400F770BE /* GraphViewController.m in Sources */,
				0447FBB41E1CE91E00FE1354 /* CircularChart.m in Sources */,
				DAD299D01E3626060074B63D /* PersonalTableviewCell.m in Sources */,
				52A285D31E279429001122BA /* TableViewCell.m in Sources */,
				DAD299CC1E360F630074B63D /* SettingsTableViewController.m in Sources */,
				0447FBB71E1CE91E00FE1354 /* LegendView.m in Sources */,
				041C76381E3DDAC40005EBB9 /* NSManagedObject+DictionaryFormat.m in Sources */,
				527A6E801DFF259F00510FA3 /* main.m in Sources */,
				527A6EFB1DFF415800510FA3 /* ExpensesViewController.m in Sources */,
				DAC9C6DB1E3C767500D845F1 /* AboutViewController.m in Sources */,
			);
			runOnlyForDeploymentPostprocessing = 0;
		};
		527A6E931DFF25A300510FA3 /* Sources */ = {
			isa = PBXSourcesBuildPhase;
			buildActionMask = 2147483647;
			files = (
				527A6E9C1DFF25A300510FA3 /* SalaryCalculatorAPPTests.m in Sources */,
			);
			runOnlyForDeploymentPostprocessing = 0;
		};
		527A6E9E1DFF25A300510FA3 /* Sources */ = {
			isa = PBXSourcesBuildPhase;
			buildActionMask = 2147483647;
			files = (
				527A6EA71DFF25A300510FA3 /* SalaryCalculatorAPPUITests.m in Sources */,
			);
			runOnlyForDeploymentPostprocessing = 0;
		};
/* End PBXSourcesBuildPhase section */

/* Begin PBXTargetDependency section */
		527A6E991DFF25A300510FA3 /* PBXTargetDependency */ = {
			isa = PBXTargetDependency;
			target = 527A6E7A1DFF259E00510FA3 /* SalaryCalculatorAPP */;
			targetProxy = 527A6E981DFF25A300510FA3 /* PBXContainerItemProxy */;
		};
		527A6EA41DFF25A300510FA3 /* PBXTargetDependency */ = {
			isa = PBXTargetDependency;
			target = 527A6E7A1DFF259E00510FA3 /* SalaryCalculatorAPP */;
			targetProxy = 527A6EA31DFF25A300510FA3 /* PBXContainerItemProxy */;
		};
/* End PBXTargetDependency section */

/* Begin PBXVariantGroup section */
		527A6E871DFF25A000510FA3 /* Main.storyboard */ = {
			isa = PBXVariantGroup;
			children = (
				527A6E881DFF25A000510FA3 /* Base */,
			);
			name = Main.storyboard;
			sourceTree = "<group>";
		};
		527A6E8F1DFF25A200510FA3 /* LaunchScreen.storyboard */ = {
			isa = PBXVariantGroup;
			children = (
				527A6E901DFF25A200510FA3 /* Base */,
			);
			name = LaunchScreen.storyboard;
			sourceTree = "<group>";
		};
/* End PBXVariantGroup section */

/* Begin XCBuildConfiguration section */
		527A6EA91DFF25A300510FA3 /* Debug */ = {
			isa = XCBuildConfiguration;
			buildSettings = {
				ALWAYS_SEARCH_USER_PATHS = NO;
				CLANG_ANALYZER_NONNULL = YES;
				CLANG_CXX_LANGUAGE_STANDARD = "gnu++0x";
				CLANG_CXX_LIBRARY = "libc++";
				CLANG_ENABLE_MODULES = YES;
				CLANG_ENABLE_OBJC_ARC = YES;
				CLANG_WARN_BOOL_CONVERSION = YES;
				CLANG_WARN_CONSTANT_CONVERSION = YES;
				CLANG_WARN_DIRECT_OBJC_ISA_USAGE = YES_ERROR;
				CLANG_WARN_DOCUMENTATION_COMMENTS = YES;
				CLANG_WARN_EMPTY_BODY = YES;
				CLANG_WARN_ENUM_CONVERSION = YES;
				CLANG_WARN_INFINITE_RECURSION = YES;
				CLANG_WARN_INT_CONVERSION = YES;
				CLANG_WARN_OBJC_ROOT_CLASS = YES_ERROR;
				CLANG_WARN_SUSPICIOUS_MOVE = YES;
				CLANG_WARN_SUSPICIOUS_MOVES = YES;
				CLANG_WARN_UNREACHABLE_CODE = YES;
				CLANG_WARN__DUPLICATE_METHOD_MATCH = YES;
				"CODE_SIGN_IDENTITY[sdk=iphoneos*]" = "iPhone Developer";
				COPY_PHASE_STRIP = NO;
				DEBUG_INFORMATION_FORMAT = dwarf;
				ENABLE_STRICT_OBJC_MSGSEND = YES;
				ENABLE_TESTABILITY = YES;
				GCC_C_LANGUAGE_STANDARD = gnu99;
				GCC_DYNAMIC_NO_PIC = NO;
				GCC_NO_COMMON_BLOCKS = YES;
				GCC_OPTIMIZATION_LEVEL = 0;
				GCC_PREPROCESSOR_DEFINITIONS = (
					"DEBUG=1",
					"$(inherited)",
				);
				GCC_WARN_64_TO_32_BIT_CONVERSION = YES;
				GCC_WARN_ABOUT_RETURN_TYPE = YES_ERROR;
				GCC_WARN_UNDECLARED_SELECTOR = YES;
				GCC_WARN_UNINITIALIZED_AUTOS = YES_AGGRESSIVE;
				GCC_WARN_UNUSED_FUNCTION = YES;
				GCC_WARN_UNUSED_VARIABLE = YES;
				IPHONEOS_DEPLOYMENT_TARGET = 10.1;
				MTL_ENABLE_DEBUG_INFO = YES;
				ONLY_ACTIVE_ARCH = YES;
				SDKROOT = iphoneos;
				TARGETED_DEVICE_FAMILY = "1,2";
			};
			name = Debug;
		};
		527A6EAA1DFF25A300510FA3 /* Release */ = {
			isa = XCBuildConfiguration;
			buildSettings = {
				ALWAYS_SEARCH_USER_PATHS = NO;
				CLANG_ANALYZER_NONNULL = YES;
				CLANG_CXX_LANGUAGE_STANDARD = "gnu++0x";
				CLANG_CXX_LIBRARY = "libc++";
				CLANG_ENABLE_MODULES = YES;
				CLANG_ENABLE_OBJC_ARC = YES;
				CLANG_WARN_BOOL_CONVERSION = YES;
				CLANG_WARN_CONSTANT_CONVERSION = YES;
				CLANG_WARN_DIRECT_OBJC_ISA_USAGE = YES_ERROR;
				CLANG_WARN_DOCUMENTATION_COMMENTS = YES;
				CLANG_WARN_EMPTY_BODY = YES;
				CLANG_WARN_ENUM_CONVERSION = YES;
				CLANG_WARN_INFINITE_RECURSION = YES;
				CLANG_WARN_INT_CONVERSION = YES;
				CLANG_WARN_OBJC_ROOT_CLASS = YES_ERROR;
				CLANG_WARN_SUSPICIOUS_MOVE = YES;
				CLANG_WARN_SUSPICIOUS_MOVES = YES;
				CLANG_WARN_UNREACHABLE_CODE = YES;
				CLANG_WARN__DUPLICATE_METHOD_MATCH = YES;
				"CODE_SIGN_IDENTITY[sdk=iphoneos*]" = "iPhone Developer";
				COPY_PHASE_STRIP = NO;
				DEBUG_INFORMATION_FORMAT = "dwarf-with-dsym";
				ENABLE_NS_ASSERTIONS = NO;
				ENABLE_STRICT_OBJC_MSGSEND = YES;
				GCC_C_LANGUAGE_STANDARD = gnu99;
				GCC_NO_COMMON_BLOCKS = YES;
				GCC_WARN_64_TO_32_BIT_CONVERSION = YES;
				GCC_WARN_ABOUT_RETURN_TYPE = YES_ERROR;
				GCC_WARN_UNDECLARED_SELECTOR = YES;
				GCC_WARN_UNINITIALIZED_AUTOS = YES_AGGRESSIVE;
				GCC_WARN_UNUSED_FUNCTION = YES;
				GCC_WARN_UNUSED_VARIABLE = YES;
				IPHONEOS_DEPLOYMENT_TARGET = 10.1;
				MTL_ENABLE_DEBUG_INFO = NO;
				OTHER_LDFLAGS = "";
				SDKROOT = iphoneos;
				TARGETED_DEVICE_FAMILY = "1,2";
				VALIDATE_PRODUCT = YES;
			};
			name = Release;
		};
		527A6EAC1DFF25A300510FA3 /* Debug */ = {
			isa = XCBuildConfiguration;
			baseConfigurationReference = C8150F71149A8579350019FD /* Pods-SalaryCalculatorAPP.debug.xcconfig */;
			buildSettings = {
				ASSETCATALOG_COMPILER_APPICON_NAME = AppIcon;
				DEVELOPMENT_TEAM = 4WXHX2LK83;
				INFOPLIST_FILE = SalaryCalculatorAPP/Info.plist;
				IPHONEOS_DEPLOYMENT_TARGET = 10.1;
				LD_RUNPATH_SEARCH_PATHS = "$(inherited) @executable_path/Frameworks";
				PRODUCT_BUNDLE_IDENTIFIER = com.neo.salcalapp;
				PRODUCT_NAME = "$(TARGET_NAME)";
			};
			name = Debug;
		};
		527A6EAD1DFF25A300510FA3 /* Release */ = {
			isa = XCBuildConfiguration;
			baseConfigurationReference = AE865D7C062A273803DB17C1 /* Pods-SalaryCalculatorAPP.release.xcconfig */;
			buildSettings = {
				ASSETCATALOG_COMPILER_APPICON_NAME = AppIcon;
				DEVELOPMENT_TEAM = 4WXHX2LK83;
				INFOPLIST_FILE = SalaryCalculatorAPP/Info.plist;
				IPHONEOS_DEPLOYMENT_TARGET = 10.1;
				LD_RUNPATH_SEARCH_PATHS = "$(inherited) @executable_path/Frameworks";
				PRODUCT_BUNDLE_IDENTIFIER = com.neo.salcalapp;
				PRODUCT_NAME = "$(TARGET_NAME)";
			};
			name = Release;
		};
		527A6EAF1DFF25A300510FA3 /* Debug */ = {
			isa = XCBuildConfiguration;
			baseConfigurationReference = C27365028202CB8C0C796CB4 /* Pods-SalaryCalculatorAPPTests.debug.xcconfig */;
			buildSettings = {
				BUNDLE_LOADER = "$(TEST_HOST)";
				INFOPLIST_FILE = SalaryCalculatorAPPTests/Info.plist;
				LD_RUNPATH_SEARCH_PATHS = "$(inherited) @executable_path/Frameworks @loader_path/Frameworks";
				PRODUCT_BUNDLE_IDENTIFIER = com.neorays.SalaryCalculatorAPPTests;
				PRODUCT_NAME = "$(TARGET_NAME)";
				TEST_HOST = "$(BUILT_PRODUCTS_DIR)/SalaryCalculatorAPP.app/SalaryCalculatorAPP";
			};
			name = Debug;
		};
		527A6EB01DFF25A300510FA3 /* Release */ = {
			isa = XCBuildConfiguration;
			baseConfigurationReference = 5B61BEEF66577E98452976B1 /* Pods-SalaryCalculatorAPPTests.release.xcconfig */;
			buildSettings = {
				BUNDLE_LOADER = "$(TEST_HOST)";
				INFOPLIST_FILE = SalaryCalculatorAPPTests/Info.plist;
				LD_RUNPATH_SEARCH_PATHS = "$(inherited) @executable_path/Frameworks @loader_path/Frameworks";
				PRODUCT_BUNDLE_IDENTIFIER = com.neorays.SalaryCalculatorAPPTests;
				PRODUCT_NAME = "$(TARGET_NAME)";
				TEST_HOST = "$(BUILT_PRODUCTS_DIR)/SalaryCalculatorAPP.app/SalaryCalculatorAPP";
			};
			name = Release;
		};
		527A6EB21DFF25A300510FA3 /* Debug */ = {
			isa = XCBuildConfiguration;
			baseConfigurationReference = BA2991F40F1E0B9FB0C8F3F4 /* Pods-SalaryCalculatorAPPUITests.debug.xcconfig */;
			buildSettings = {
				INFOPLIST_FILE = SalaryCalculatorAPPUITests/Info.plist;
				LD_RUNPATH_SEARCH_PATHS = "$(inherited) @executable_path/Frameworks @loader_path/Frameworks";
				PRODUCT_BUNDLE_IDENTIFIER = com.neorays.SalaryCalculatorAPPUITests;
				PRODUCT_NAME = "$(TARGET_NAME)";
				TEST_TARGET_NAME = SalaryCalculatorAPP;
			};
			name = Debug;
		};
		527A6EB31DFF25A300510FA3 /* Release */ = {
			isa = XCBuildConfiguration;
			baseConfigurationReference = 08A5991DA766525FCE6C8BEA /* Pods-SalaryCalculatorAPPUITests.release.xcconfig */;
			buildSettings = {
				INFOPLIST_FILE = SalaryCalculatorAPPUITests/Info.plist;
				LD_RUNPATH_SEARCH_PATHS = "$(inherited) @executable_path/Frameworks @loader_path/Frameworks";
				PRODUCT_BUNDLE_IDENTIFIER = com.neorays.SalaryCalculatorAPPUITests;
				PRODUCT_NAME = "$(TARGET_NAME)";
				TEST_TARGET_NAME = SalaryCalculatorAPP;
			};
			name = Release;
		};
/* End XCBuildConfiguration section */

/* Begin XCConfigurationList section */
		527A6E761DFF259E00510FA3 /* Build configuration list for PBXProject "SalaryCalculatorAPP" */ = {
			isa = XCConfigurationList;
			buildConfigurations = (
				527A6EA91DFF25A300510FA3 /* Debug */,
				527A6EAA1DFF25A300510FA3 /* Release */,
			);
			defaultConfigurationIsVisible = 0;
			defaultConfigurationName = Release;
		};
		527A6EAB1DFF25A300510FA3 /* Build configuration list for PBXNativeTarget "SalaryCalculatorAPP" */ = {
			isa = XCConfigurationList;
			buildConfigurations = (
				527A6EAC1DFF25A300510FA3 /* Debug */,
				527A6EAD1DFF25A300510FA3 /* Release */,
			);
			defaultConfigurationIsVisible = 0;
			defaultConfigurationName = Release;
		};
		527A6EAE1DFF25A300510FA3 /* Build configuration list for PBXNativeTarget "SalaryCalculatorAPPTests" */ = {
			isa = XCConfigurationList;
			buildConfigurations = (
				527A6EAF1DFF25A300510FA3 /* Debug */,
				527A6EB01DFF25A300510FA3 /* Release */,
			);
			defaultConfigurationIsVisible = 0;
			defaultConfigurationName = Release;
		};
		527A6EB11DFF25A300510FA3 /* Build configuration list for PBXNativeTarget "SalaryCalculatorAPPUITests" */ = {
			isa = XCConfigurationList;
			buildConfigurations = (
				527A6EB21DFF25A300510FA3 /* Debug */,
				527A6EB31DFF25A300510FA3 /* Release */,
			);
			defaultConfigurationIsVisible = 0;
			defaultConfigurationName = Release;
		};
/* End XCConfigurationList section */

/* Begin XCVersionGroup section */
		527A6E8A1DFF25A100510FA3 /* SalaryCalculatorAPP.xcdatamodeld */ = {
			isa = XCVersionGroup;
			children = (
				527A6E8B1DFF25A100510FA3 /* SalaryCalculatorAPP.xcdatamodel */,
			);
			currentVersion = 527A6E8B1DFF25A100510FA3 /* SalaryCalculatorAPP.xcdatamodel */;
			path = SalaryCalculatorAPP.xcdatamodeld;
			sourceTree = "<group>";
			versionGroupType = wrapper.xcdatamodel;
		};
/* End XCVersionGroup section */
	};
	rootObject = 527A6E731DFF259E00510FA3 /* Project object */;
}
